
Microsoft Visual Studio Solution File, Format Version 12.00
# Visual Studio Version 17
VisualStudioVersion = 17.8.34511.84
MinimumVisualStudioVersion = 10.0.40219.1
Project("{9A19103F-16F7-4668-BE54-9A1E7A4F7556}") = "LogicLink", "LogicLink.csproj", "{D3627C54-540F-43CF-9462-398FAE1C2A5E}"
EndProject
Global
	GlobalSection(SolutionConfigurationPlatforms) = preSolution
		Debug|Any CPU = Debug|Any CPU
		Release|Any CPU = Release|Any CPU
	EndGlobalSection
	GlobalSection(ProjectConfigurationPlatforms) = postSolution
		{D3627C54-540F-43CF-9462-398FAE1C2A5E}.Debug|Any CPU.ActiveCfg = Debug|Any CPU
		{D3627C54-540F-43CF-9462-398FAE1C2A5E}.Debug|Any CPU.Build.0 = Debug|Any CPU
		{D3627C54-540F-43CF-9462-398FAE1C2A5E}.Release|Any CPU.ActiveCfg = Release|Any CPU
		{D3627C54-540F-43CF-9462-398FAE1C2A5E}.Release|Any CPU.Build.0 = Release|Any CPU
	EndGlobalSection
	GlobalSection(SolutionProperties) = preSolution
		HideSolutionNode = FALSE
	EndGlobalSection
	GlobalSection(ExtensibilityGlobals) = postSolution
		SolutionGuid = {A5638CA6-0FD4-42C3-B07E-9DA96D541318}
	EndGlobalSection
EndGlobal
